
Microsoft Visual Studio Solution File, Format Version 12.00
# Visual Studio Version 17
VisualStudioVersion = 17.4.33213.308
MinimumVisualStudioVersion = 10.0.40219.1
Project("{FAE04EC0-301F-11D3-BF4B-00C04F79EFBC}") = "SuperSocket.IOCPChannel", "SuperSocket.IOCPChannel\SuperSocket.IOCPChannel.csproj", "{261994A0-5475-41C4-945A-F86AE0831176}"
EndProject
Project("{FAE04EC0-301F-11D3-BF4B-00C04F79EFBC}") = "SuperSocket.IOCPTcpChannelCreatorFactory", "SuperSocket.IOCPTcpChannelCreatorFactory\SuperSocket.IOCPTcpChannelCreatorFactory.csproj", "{694E5397-6EDC-4E9B-B828-78347106D020}"
EndProject
Global
	GlobalSection(SolutionConfigurationPlatforms) = preSolution
		Debug|Any CPU = Debug|Any CPU
		Release|Any CPU = Release|Any CPU
	EndGlobalSection
	GlobalSection(ProjectConfigurationPlatforms) = postSolution
		{261994A0-5475-41C4-945A-F86AE0831176}.Debug|Any CPU.ActiveCfg = Debug|Any CPU
		{261994A0-5475-41C4-945A-F86AE0831176}.Debug|Any CPU.Build.0 = Debug|Any CPU
		{261994A0-5475-41C4-945A-F86AE0831176}.Release|Any CPU.ActiveCfg = Release|Any CPU
		{261994A0-5475-41C4-945A-F86AE0831176}.Release|Any CPU.Build.0 = Release|Any CPU
		{694E5397-6EDC-4E9B-B828-78347106D020}.Debug|Any CPU.ActiveCfg = Debug|Any CPU
		{694E5397-6EDC-4E9B-B828-78347106D020}.Debug|Any CPU.Build.0 = Debug|Any CPU
		{694E5397-6EDC-4E9B-B828-78347106D020}.Release|Any CPU.ActiveCfg = Release|Any CPU
		{694E5397-6EDC-4E9B-B828-78347106D020}.Release|Any CPU.Build.0 = Release|Any CPU
	EndGlobalSection
	GlobalSection(SolutionProperties) = preSolution
		HideSolutionNode = FALSE
	EndGlobalSection
	GlobalSection(ExtensibilityGlobals) = postSolution
		SolutionGuid = {F2996001-525F-4B1E-9DA4-3A97019E065F}
	EndGlobalSection
EndGlobal
